
Microsoft Visual Studio Solution File, Format Version 12.00
# Visual Studio 15
VisualStudioVersion = 15.0.28307.960
MinimumVisualStudioVersion = 10.0.40219.1
Project("{8BC9CEB8-8B4A-11D0-8D11-00A0C91BC942}") = "live555", "live555\live555.vcxproj", "{44F1F336-1913-4D1B-A7FB-0F3F5DD32CE7}"
EndProject
Project("{8BC9CEB8-8B4A-11D0-8D11-00A0C91BC942}") = "MediaPlayer", "MediaPlayer\MediaPlayer.vcxproj", "{B12702AD-ABFB-343A-A199-8E24837244A3}"
EndProject
Project("{8BC9CEB8-8B4A-11D0-8D11-00A0C91BC942}") = "UsrModbus", "UsrModbus\UsrModbus.vcxproj", "{4D7273A1-7A75-425F-AAEE-693EE30F116A}"
EndProject
Global
	GlobalSection(SolutionConfigurationPlatforms) = preSolution
		Debug|Any CPU = Debug|Any CPU
		Debug|x64 = Debug|x64
		Release|Any CPU = Release|Any CPU
		Release|x64 = Release|x64
	EndGlobalSection
	GlobalSection(ProjectConfigurationPlatforms) = postSolution
		{44F1F336-1913-4D1B-A7FB-0F3F5DD32CE7}.Debug|Any CPU.ActiveCfg = Debug|x64
		{44F1F336-1913-4D1B-A7FB-0F3F5DD32CE7}.Debug|x64.ActiveCfg = Debug|x64
		{44F1F336-1913-4D1B-A7FB-0F3F5DD32CE7}.Debug|x64.Build.0 = Debug|x64
		{44F1F336-1913-4D1B-A7FB-0F3F5DD32CE7}.Release|Any CPU.ActiveCfg = Release|x64
		{44F1F336-1913-4D1B-A7FB-0F3F5DD32CE7}.Release|x64.ActiveCfg = Release|x64
		{44F1F336-1913-4D1B-A7FB-0F3F5DD32CE7}.Release|x64.Build.0 = Release|x64
		{B12702AD-ABFB-343A-A199-8E24837244A3}.Debug|Any CPU.ActiveCfg = Debug|x64
		{B12702AD-ABFB-343A-A199-8E24837244A3}.Debug|Any CPU.Build.0 = Debug|x64
		{B12702AD-ABFB-343A-A199-8E24837244A3}.Debug|x64.ActiveCfg = Debug|x64
		{B12702AD-ABFB-343A-A199-8E24837244A3}.Debug|x64.Build.0 = Debug|x64
		{B12702AD-ABFB-343A-A199-8E24837244A3}.Release|Any CPU.ActiveCfg = Release|x64
		{B12702AD-ABFB-343A-A199-8E24837244A3}.Release|x64.ActiveCfg = Release|x64
		{B12702AD-ABFB-343A-A199-8E24837244A3}.Release|x64.Build.0 = Release|x64
		{4D7273A1-7A75-425F-AAEE-693EE30F116A}.Debug|Any CPU.ActiveCfg = Debug|x64
		{4D7273A1-7A75-425F-AAEE-693EE30F116A}.Debug|Any CPU.Build.0 = Debug|x64
		{4D7273A1-7A75-425F-AAEE-693EE30F116A}.Debug|x64.ActiveCfg = Debug|x64
		{4D7273A1-7A75-425F-AAEE-693EE30F116A}.Debug|x64.Build.0 = Debug|x64
		{4D7273A1-7A75-425F-AAEE-693EE30F116A}.Release|Any CPU.ActiveCfg = Release|x64
		{4D7273A1-7A75-425F-AAEE-693EE30F116A}.Release|x64.ActiveCfg = Release|x64
		{4D7273A1-7A75-425F-AAEE-693EE30F116A}.Release|x64.Build.0 = Release|x64
	EndGlobalSection
	GlobalSection(SolutionProperties) = preSolution
		HideSolutionNode = FALSE
	EndGlobalSection
	GlobalSection(ExtensibilityGlobals) = postSolution
		SolutionGuid = {91989712-4E06-4BA5-A53F-853D0FB61ECE}
	EndGlobalSection
EndGlobal
